
Microsoft Visual Studio Solution File, Format Version 12.00
# Visual Studio Version 17
VisualStudioVersion = 17.10.35122.118
MinimumVisualStudioVersion = 10.0.40219.1
Project("{9A19103F-16F7-4668-BE54-9A1E7A4F7556}") = "ArchCorporationDemo", "ArchCorporationDemo\ArchCorporationDemo.csproj", "{3292F122-1014-41D8-885F-5040DF466899}"
EndProject
Project("{9A19103F-16F7-4668-BE54-9A1E7A4F7556}") = "ArchCorpUtilities", "ArchCorpUtilities\ArchCorpUtilities.csproj", "{E0B54609-D2EC-471A-B2A6-48570EB07A94}"
EndProject
Project("{9A19103F-16F7-4668-BE54-9A1E7A4F7556}") = "Logger", "Logger\Logger.csproj", "{81C5D2C7-70DA-41A8-9296-B1A802943F34}"
EndProject
Project("{9A19103F-16F7-4668-BE54-9A1E7A4F7556}") = "InvalidCharacters", "InvalidCharacters\InvalidCharacters.csproj", "{6BDE45E2-64DE-45EB-874A-54FFCF1861A4}"
EndProject
Project("{9A19103F-16F7-4668-BE54-9A1E7A4F7556}") = "GenCode", "GenCode\GenCode.csproj", "{86108C5F-3FC6-4352-8282-3C2A83393272}"
EndProject
Project("{9A19103F-16F7-4668-BE54-9A1E7A4F7556}") = "GenCodeLib", "GenCodeLib\GenCodeLib.csproj", "{EEF775CE-843E-436B-A73D-7749CCC458A1}"
EndProject
Project("{9A19103F-16F7-4668-BE54-9A1E7A4F7556}") = "Feedback", "Feedback\Feedback.csproj", "{EAA0CF08-A691-401E-B791-18E269CFAC0B}"
EndProject
Project("{9A19103F-16F7-4668-BE54-9A1E7A4F7556}") = "CLILib", "CLILib\CLILib.csproj", "{4BC12A26-44DF-4897-AF88-F9D2F7F4E0B9}"
EndProject
Project("{2150E333-8FDC-42A3-9474-1A3956D46DE8}") = "GenCode_Project", "GenCode_Project", "{4515829C-3631-4913-9C7B-9B30D265B18B}"
EndProject
Project("{9A19103F-16F7-4668-BE54-9A1E7A4F7556}") = "EnumLib", "EnumLib\EnumLib.csproj", "{FB862A62-A282-4AF8-9CF2-DB24F2EB2584}"
EndProject
Project("{FAE04EC0-301F-11D3-BF4B-00C04F79EFBC}") = "MenuEnumLib", "MenuEnumLib\MenuEnumLib.csproj", "{C0FF3D6B-305E-4D6F-8ADF-ACF0BAE492A9}"
EndProject
Project("{2150E333-8FDC-42A3-9474-1A3956D46DE8}") = "GenMenu_Project", "GenMenu_Project", "{F7F1D1E2-1ABD-419E-965B-D439F221974A}"
EndProject
Project("{2150E333-8FDC-42A3-9474-1A3956D46DE8}") = "Test Projects", "Test Projects", "{27C4FE96-D5B9-4FC2-9A20-FFE29BE94643}"
EndProject
Project("{2150E333-8FDC-42A3-9474-1A3956D46DE8}") = "Logger_Project", "Logger_Project", "{B0019360-7672-4D17-956D-888DA870BE63}"
EndProject
Project("{FAE04EC0-301F-11D3-BF4B-00C04F79EFBC}") = "GenMenuHelperLib", "GenMenuHelperLib\GenMenuHelperLib.csproj", "{B61CD36C-D6AB-4171-B1A5-505801B3B44D}"
EndProject
Project("{FAE04EC0-301F-11D3-BF4B-00C04F79EFBC}") = "GenMenu", "GenMenu\GenMenu.csproj", "{2347A68E-1779-4926-8B56-67BDD6557DF6}"
EndProject
Project("{2150E333-8FDC-42A3-9474-1A3956D46DE8}") = "Unit Tests", "Unit Tests", "{40101D06-45E7-4F2D-A070-D9C8174B7FCE}"
EndProject
Project("{FAE04EC0-301F-11D3-BF4B-00C04F79EFBC}") = "Ad_hoc_Tests", "Ad_hoc_Tests\Ad_hoc_Tests.csproj", "{0F1E14AC-E9B7-4459-846C-164CFEBBF9FD}"
EndProject
Project("{2150E333-8FDC-42A3-9474-1A3956D46DE8}") = "AuthDefault", "AuthDefault", "{E7EA9932-2020-4DA4-BD13-431D68E810D7}"
EndProject
Project("{FAE04EC0-301F-11D3-BF4B-00C04F79EFBC}") = "Auth", "Auth\Auth.csproj", "{E083267B-A3C4-49E9-8CD0-57FF105EC449}"
EndProject
Global
	GlobalSection(SolutionConfigurationPlatforms) = preSolution
		Debug|Any CPU = Debug|Any CPU
		Release|Any CPU = Release|Any CPU
	EndGlobalSection
	GlobalSection(ProjectConfigurationPlatforms) = postSolution
		{3292F122-1014-41D8-885F-5040DF466899}.Debug|Any CPU.ActiveCfg = Debug|Any CPU
		{3292F122-1014-41D8-885F-5040DF466899}.Debug|Any CPU.Build.0 = Debug|Any CPU
		{3292F122-1014-41D8-885F-5040DF466899}.Release|Any CPU.ActiveCfg = Release|Any CPU
		{3292F122-1014-41D8-885F-5040DF466899}.Release|Any CPU.Build.0 = Release|Any CPU
		{E0B54609-D2EC-471A-B2A6-48570EB07A94}.Debug|Any CPU.ActiveCfg = Debug|Any CPU
		{E0B54609-D2EC-471A-B2A6-48570EB07A94}.Debug|Any CPU.Build.0 = Debug|Any CPU
		{E0B54609-D2EC-471A-B2A6-48570EB07A94}.Release|Any CPU.ActiveCfg = Release|Any CPU
		{E0B54609-D2EC-471A-B2A6-48570EB07A94}.Release|Any CPU.Build.0 = Release|Any CPU
		{81C5D2C7-70DA-41A8-9296-B1A802943F34}.Debug|Any CPU.ActiveCfg = Debug|Any CPU
		{81C5D2C7-70DA-41A8-9296-B1A802943F34}.Debug|Any CPU.Build.0 = Debug|Any CPU
		{81C5D2C7-70DA-41A8-9296-B1A802943F34}.Release|Any CPU.ActiveCfg = Release|Any CPU
		{81C5D2C7-70DA-41A8-9296-B1A802943F34}.Release|Any CPU.Build.0 = Release|Any CPU
		{6BDE45E2-64DE-45EB-874A-54FFCF1861A4}.Debug|Any CPU.ActiveCfg = Debug|Any CPU
		{6BDE45E2-64DE-45EB-874A-54FFCF1861A4}.Debug|Any CPU.Build.0 = Debug|Any CPU
		{6BDE45E2-64DE-45EB-874A-54FFCF1861A4}.Release|Any CPU.ActiveCfg = Release|Any CPU
		{6BDE45E2-64DE-45EB-874A-54FFCF1861A4}.Release|Any CPU.Build.0 = Release|Any CPU
		{86108C5F-3FC6-4352-8282-3C2A83393272}.Debug|Any CPU.ActiveCfg = Debug|Any CPU
		{86108C5F-3FC6-4352-8282-3C2A83393272}.Debug|Any CPU.Build.0 = Debug|Any CPU
		{86108C5F-3FC6-4352-8282-3C2A83393272}.Release|Any CPU.ActiveCfg = Release|Any CPU
		{86108C5F-3FC6-4352-8282-3C2A83393272}.Release|Any CPU.Build.0 = Release|Any CPU
		{EEF775CE-843E-436B-A73D-7749CCC458A1}.Debug|Any CPU.ActiveCfg = Debug|Any CPU
		{EEF775CE-843E-436B-A73D-7749CCC458A1}.Debug|Any CPU.Build.0 = Debug|Any CPU
		{EEF775CE-843E-436B-A73D-7749CCC458A1}.Release|Any CPU.ActiveCfg = Release|Any CPU
		{EEF775CE-843E-436B-A73D-7749CCC458A1}.Release|Any CPU.Build.0 = Release|Any CPU
		{EAA0CF08-A691-401E-B791-18E269CFAC0B}.Debug|Any CPU.ActiveCfg = Debug|Any CPU
		{EAA0CF08-A691-401E-B791-18E269CFAC0B}.Debug|Any CPU.Build.0 = Debug|Any CPU
		{EAA0CF08-A691-401E-B791-18E269CFAC0B}.Release|Any CPU.ActiveCfg = Release|Any CPU
		{EAA0CF08-A691-401E-B791-18E269CFAC0B}.Release|Any CPU.Build.0 = Release|Any CPU
		{4BC12A26-44DF-4897-AF88-F9D2F7F4E0B9}.Debug|Any CPU.ActiveCfg = Debug|Any CPU
		{4BC12A26-44DF-4897-AF88-F9D2F7F4E0B9}.Debug|Any CPU.Build.0 = Debug|Any CPU
		{4BC12A26-44DF-4897-AF88-F9D2F7F4E0B9}.Release|Any CPU.ActiveCfg = Release|Any CPU
		{4BC12A26-44DF-4897-AF88-F9D2F7F4E0B9}.Release|Any CPU.Build.0 = Release|Any CPU
		{FB862A62-A282-4AF8-9CF2-DB24F2EB2584}.Debug|Any CPU.ActiveCfg = Debug|Any CPU
		{FB862A62-A282-4AF8-9CF2-DB24F2EB2584}.Debug|Any CPU.Build.0 = Debug|Any CPU
		{FB862A62-A282-4AF8-9CF2-DB24F2EB2584}.Release|Any CPU.ActiveCfg = Release|Any CPU
		{FB862A62-A282-4AF8-9CF2-DB24F2EB2584}.Release|Any CPU.Build.0 = Release|Any CPU
		{C0FF3D6B-305E-4D6F-8ADF-ACF0BAE492A9}.Debug|Any CPU.ActiveCfg = Debug|Any CPU
		{C0FF3D6B-305E-4D6F-8ADF-ACF0BAE492A9}.Debug|Any CPU.Build.0 = Debug|Any CPU
		{C0FF3D6B-305E-4D6F-8ADF-ACF0BAE492A9}.Release|Any CPU.ActiveCfg = Release|Any CPU
		{C0FF3D6B-305E-4D6F-8ADF-ACF0BAE492A9}.Release|Any CPU.Build.0 = Release|Any CPU
		{B61CD36C-D6AB-4171-B1A5-505801B3B44D}.Debug|Any CPU.ActiveCfg = Debug|Any CPU
		{B61CD36C-D6AB-4171-B1A5-505801B3B44D}.Debug|Any CPU.Build.0 = Debug|Any CPU
		{B61CD36C-D6AB-4171-B1A5-505801B3B44D}.Release|Any CPU.ActiveCfg = Release|Any CPU
		{B61CD36C-D6AB-4171-B1A5-505801B3B44D}.Release|Any CPU.Build.0 = Release|Any CPU
		{2347A68E-1779-4926-8B56-67BDD6557DF6}.Debug|Any CPU.ActiveCfg = Debug|Any CPU
		{2347A68E-1779-4926-8B56-67BDD6557DF6}.Debug|Any CPU.Build.0 = Debug|Any CPU
		{2347A68E-1779-4926-8B56-67BDD6557DF6}.Release|Any CPU.ActiveCfg = Release|Any CPU
		{2347A68E-1779-4926-8B56-67BDD6557DF6}.Release|Any CPU.Build.0 = Release|Any CPU
		{0F1E14AC-E9B7-4459-846C-164CFEBBF9FD}.Debug|Any CPU.ActiveCfg = Debug|Any CPU
		{0F1E14AC-E9B7-4459-846C-164CFEBBF9FD}.Debug|Any CPU.Build.0 = Debug|Any CPU
		{0F1E14AC-E9B7-4459-846C-164CFEBBF9FD}.Release|Any CPU.ActiveCfg = Release|Any CPU
		{0F1E14AC-E9B7-4459-846C-164CFEBBF9FD}.Release|Any CPU.Build.0 = Release|Any CPU
		{E083267B-A3C4-49E9-8CD0-57FF105EC449}.Debug|Any CPU.ActiveCfg = Debug|Any CPU
		{E083267B-A3C4-49E9-8CD0-57FF105EC449}.Debug|Any CPU.Build.0 = Debug|Any CPU
		{E083267B-A3C4-49E9-8CD0-57FF105EC449}.Release|Any CPU.ActiveCfg = Release|Any CPU
		{E083267B-A3C4-49E9-8CD0-57FF105EC449}.Release|Any CPU.Build.0 = Release|Any CPU
	EndGlobalSection
	GlobalSection(SolutionProperties) = preSolution
		HideSolutionNode = FALSE
	EndGlobalSection
	GlobalSection(NestedProjects) = preSolution
		{81C5D2C7-70DA-41A8-9296-B1A802943F34} = {B0019360-7672-4D17-956D-888DA870BE63}
		{86108C5F-3FC6-4352-8282-3C2A83393272} = {4515829C-3631-4913-9C7B-9B30D265B18B}
		{EEF775CE-843E-436B-A73D-7749CCC458A1} = {4515829C-3631-4913-9C7B-9B30D265B18B}
		{EAA0CF08-A691-401E-B791-18E269CFAC0B} = {4515829C-3631-4913-9C7B-9B30D265B18B}
		{4BC12A26-44DF-4897-AF88-F9D2F7F4E0B9} = {4515829C-3631-4913-9C7B-9B30D265B18B}
		{B61CD36C-D6AB-4171-B1A5-505801B3B44D} = {F7F1D1E2-1ABD-419E-965B-D439F221974A}
		{2347A68E-1779-4926-8B56-67BDD6557DF6} = {F7F1D1E2-1ABD-419E-965B-D439F221974A}
		{40101D06-45E7-4F2D-A070-D9C8174B7FCE} = {27C4FE96-D5B9-4FC2-9A20-FFE29BE94643}
		{0F1E14AC-E9B7-4459-846C-164CFEBBF9FD} = {40101D06-45E7-4F2D-A070-D9C8174B7FCE}
		{E083267B-A3C4-49E9-8CD0-57FF105EC449} = {E7EA9932-2020-4DA4-BD13-431D68E810D7}
	EndGlobalSection
	GlobalSection(ExtensibilityGlobals) = postSolution
		SolutionGuid = {7E9CCA6E-EF47-4F30-BE25-4526727723C3}
	EndGlobalSection
EndGlobal
